
Microsoft Visual Studio Solution File, Format Version 12.00
# Visual Studio Version 16
VisualStudioVersion = 16.0.31005.135
MinimumVisualStudioVersion = 10.0.40219.1
Project("{FAE04EC0-301F-11D3-BF4B-00C04F79EFBC}") = "MvcSportsStore", "MvcSportsStore.csproj", "{79A0F54B-A964-432D-A2EB-F9379E5E5A24}"
EndProject
Global
	GlobalSection(SolutionConfigurationPlatforms) = preSolution
		Debug|Any CPU = Debug|Any CPU
		Release|Any CPU = Release|Any CPU
	EndGlobalSection
	GlobalSection(ProjectConfigurationPlatforms) = postSolution
		{79A0F54B-A964-432D-A2EB-F9379E5E5A24}.Debug|Any CPU.ActiveCfg = Debug|Any CPU
		{79A0F54B-A964-432D-A2EB-F9379E5E5A24}.Debug|Any CPU.Build.0 = Debug|Any CPU
		{79A0F54B-A964-432D-A2EB-F9379E5E5A24}.Release|Any CPU.ActiveCfg = Release|Any CPU
		{79A0F54B-A964-432D-A2EB-F9379E5E5A24}.Release|Any CPU.Build.0 = Release|Any CPU
	EndGlobalSection
	GlobalSection(SolutionProperties) = preSolution
		HideSolutionNode = FALSE
	EndGlobalSection
	GlobalSection(ExtensibilityGlobals) = postSolution
		SolutionGuid = {09B52DAE-C10E-4A64-AD60-43F66DE98F21}
	EndGlobalSection
EndGlobal
